
Microsoft Visual Studio Solution File, Format Version 12.00
# Visual Studio Version 16
VisualStudioVersion = 16.0.30804.86
MinimumVisualStudioVersion = 10.0.40219.1
Project("{FAE04EC0-301F-11D3-BF4B-00C04F79EFBC}") = "Ex10", "Ex10\Ex10.csproj", "{583E304E-28A1-414B-8559-D71E98E98524}"
EndProject
Global
	GlobalSection(SolutionConfigurationPlatforms) = preSolution
		Debug|Any CPU = Debug|Any CPU
		Release|Any CPU = Release|Any CPU
	EndGlobalSection
	GlobalSection(ProjectConfigurationPlatforms) = postSolution
		{583E304E-28A1-414B-8559-D71E98E98524}.Debug|Any CPU.ActiveCfg = Debug|Any CPU
		{583E304E-28A1-414B-8559-D71E98E98524}.Debug|Any CPU.Build.0 = Debug|Any CPU
		{583E304E-28A1-414B-8559-D71E98E98524}.Release|Any CPU.ActiveCfg = Release|Any CPU
		{583E304E-28A1-414B-8559-D71E98E98524}.Release|Any CPU.Build.0 = Release|Any CPU
	EndGlobalSection
	GlobalSection(SolutionProperties) = preSolution
		HideSolutionNode = FALSE
	EndGlobalSection
	GlobalSection(ExtensibilityGlobals) = postSolution
		SolutionGuid = {5A5D49DF-4FA9-43BE-A522-7451C2716460}
	EndGlobalSection
EndGlobal
