
Microsoft Visual Studio Solution File, Format Version 12.00
# Visual Studio Version 16
VisualStudioVersion = 16.0.30804.86
MinimumVisualStudioVersion = 10.0.40219.1
Project("{FAE04EC0-301F-11D3-BF4B-00C04F79EFBC}") = "ex21", "ex21\ex21.csproj", "{36E94AE8-A9EA-4EC2-AECA-FACD0D690B52}"
EndProject
Global
	GlobalSection(SolutionConfigurationPlatforms) = preSolution
		Debug|Any CPU = Debug|Any CPU
		Release|Any CPU = Release|Any CPU
	EndGlobalSection
	GlobalSection(ProjectConfigurationPlatforms) = postSolution
		{36E94AE8-A9EA-4EC2-AECA-FACD0D690B52}.Debug|Any CPU.ActiveCfg = Debug|Any CPU
		{36E94AE8-A9EA-4EC2-AECA-FACD0D690B52}.Debug|Any CPU.Build.0 = Debug|Any CPU
		{36E94AE8-A9EA-4EC2-AECA-FACD0D690B52}.Release|Any CPU.ActiveCfg = Release|Any CPU
		{36E94AE8-A9EA-4EC2-AECA-FACD0D690B52}.Release|Any CPU.Build.0 = Release|Any CPU
	EndGlobalSection
	GlobalSection(SolutionProperties) = preSolution
		HideSolutionNode = FALSE
	EndGlobalSection
	GlobalSection(ExtensibilityGlobals) = postSolution
		SolutionGuid = {A4D0C2FA-0696-4FCF-81CB-C4B50DB3E4F8}
	EndGlobalSection
EndGlobal
